
Microsoft Visual Studio Solution File, Format Version 11.00
# Visual Studio 2010
Project("{FAE04EC0-301F-11D3-BF4B-00C04F79EFBC}") = "not-broforce", "Assembly-CSharp.csproj", "{C28E7CFF-4E5C-A90A-61CB-240F3F90E421}"
EndProject
Global
	GlobalSection(SolutionConfigurationPlatforms) = preSolution
		Debug|Any CPU = Debug|Any CPU
		Release|Any CPU = Release|Any CPU
	EndGlobalSection
	GlobalSection(ProjectConfigurationPlatforms) = postSolution
		{C28E7CFF-4E5C-A90A-61CB-240F3F90E421}.Debug|Any CPU.ActiveCfg = Debug|Any CPU
		{C28E7CFF-4E5C-A90A-61CB-240F3F90E421}.Debug|Any CPU.Build.0 = Debug|Any CPU
		{C28E7CFF-4E5C-A90A-61CB-240F3F90E421}.Release|Any CPU.ActiveCfg = Release|Any CPU
		{C28E7CFF-4E5C-A90A-61CB-240F3F90E421}.Release|Any CPU.Build.0 = Release|Any CPU
	EndGlobalSection
	GlobalSection(SolutionProperties) = preSolution
		HideSolutionNode = FALSE
	EndGlobalSection
	GlobalSection(MonoDevelopProperties) = preSolution
		StartupItem = Assembly-CSharp.csproj
	EndGlobalSection
EndGlobal
